
Microsoft Visual Studio Solution File, Format Version 12.00
# Visual Studio Version 17
VisualStudioVersion = 17.6.33829.357
MinimumVisualStudioVersion = 10.0.40219.1
Project("{FAE04EC0-301F-11D3-BF4B-00C04F79EFBC}") = "PeriodicBackgroundTask", "PeriodicBackgroundTask\PeriodicBackgroundTask.csproj", "{95A90C22-9445-475A-A47F-03FB34A8A935}"
EndProject
Global
	GlobalSection(SolutionConfigurationPlatforms) = preSolution
		Debug|Any CPU = Debug|Any CPU
		Release|Any CPU = Release|Any CPU
	EndGlobalSection
	GlobalSection(ProjectConfigurationPlatforms) = postSolution
		{95A90C22-9445-475A-A47F-03FB34A8A935}.Debug|Any CPU.ActiveCfg = Debug|Any CPU
		{95A90C22-9445-475A-A47F-03FB34A8A935}.Debug|Any CPU.Build.0 = Debug|Any CPU
		{95A90C22-9445-475A-A47F-03FB34A8A935}.Release|Any CPU.ActiveCfg = Release|Any CPU
		{95A90C22-9445-475A-A47F-03FB34A8A935}.Release|Any CPU.Build.0 = Release|Any CPU
	EndGlobalSection
	GlobalSection(SolutionProperties) = preSolution
		HideSolutionNode = FALSE
	EndGlobalSection
	GlobalSection(ExtensibilityGlobals) = postSolution
		SolutionGuid = {A848BF58-3875-4E89-92C1-6A127A5B58B4}
	EndGlobalSection
EndGlobal
